// !$*UTF8*$!
{
	archiveVersion = 1;
	classes = {
	};
	objectVersion = 56;
	objects = {

/* Begin PBXBuildFile section */
		4D31B7692D4357500069645B /* FirebaseService.swift in Sources */ = {isa = PBXBuildFile; fileRef = 4D31B7682D4357500069645B /* FirebaseService.swift */; };
		4D3E61002D4140590031C919 /* GoogleService-Info.plist in Resources */ = {isa = PBXBuildFile; fileRef = 4D3E60FF2D4140590031C919 /* GoogleService-Info.plist */; };
		4D3E61022D4149620031C919 /* AuthViewController.swift in Sources */ = {isa = PBXBuildFile; fileRef = 4D3E61012D4149620031C919 /* AuthViewController.swift */; };
		4D3E61042D414CE60031C919 /* AuthView.swift in Sources */ = {isa = PBXBuildFile; fileRef = 4D3E61032D414CE60031C919 /* AuthView.swift */; };
		4D3E61062D4157FC0031C919 /* String+EmailValidation.swift in Sources */ = {isa = PBXBuildFile; fileRef = 4D3E61052D4157FC0031C919 /* String+EmailValidation.swift */; };
		4D415DBB2D463FF600F437BE /* String+DataConverter.swift in Sources */ = {isa = PBXBuildFile; fileRef = 4D415DBA2D463FF600F437BE /* String+DataConverter.swift */; };
		4D97FEA32D3FA347005B1D23 /* AppDelegate.swift in Sources */ = {isa = PBXBuildFile; fileRef = 4D97FEA22D3FA347005B1D23 /* AppDelegate.swift */; };
		4D97FEA52D3FA347005B1D23 /* SceneDelegate.swift in Sources */ = {isa = PBXBuildFile; fileRef = 4D97FEA42D3FA347005B1D23 /* SceneDelegate.swift */; };
		4D97FEA72D3FA347005B1D23 /* TasksListController.swift in Sources */ = {isa = PBXBuildFile; fileRef = 4D97FEA62D3FA347005B1D23 /* TasksListController.swift */; };
		4D97FEAC2D3FA348005B1D23 /* Assets.xcassets in Resources */ = {isa = PBXBuildFile; fileRef = 4D97FEAB2D3FA348005B1D23 /* Assets.xcassets */; };
		4D97FEAF2D3FA348005B1D23 /* LaunchScreen.storyboard in Resources */ = {isa = PBXBuildFile; fileRef = 4D97FEAD2D3FA348005B1D23 /* LaunchScreen.storyboard */; };
		4D97FEDA2D3FAFE8005B1D23 /* Task.swift in Sources */ = {isa = PBXBuildFile; fileRef = 4D97FED92D3FAFE8005B1D23 /* Task.swift */; };
		4D97FEDC2D3FB140005B1D23 /* TaskTableViewCell.swift in Sources */ = {isa = PBXBuildFile; fileRef = 4D97FEDB2D3FB140005B1D23 /* TaskTableViewCell.swift */; };
		4D97FEDF2D3FB1B8005B1D23 /* UITableView+RealmChanges.swift in Sources */ = {isa = PBXBuildFile; fileRef = 4D97FEDE2D3FB1B8005B1D23 /* UITableView+RealmChanges.swift */; };
		4D97FEE32D3FC84C005B1D23 /* TaskViewController.swift in Sources */ = {isa = PBXBuildFile; fileRef = 4D97FEE22D3FC84C005B1D23 /* TaskViewController.swift */; };
		4D97FEE62D3FCB10005B1D23 /* ViewControllerFactory.swift in Sources */ = {isa = PBXBuildFile; fileRef = 4D97FEE52D3FCB10005B1D23 /* ViewControllerFactory.swift */; };
		4D97FEE82D3FE7E1005B1D23 /* TaskView.swift in Sources */ = {isa = PBXBuildFile; fileRef = 4D97FEE72D3FE7E1005B1D23 /* TaskView.swift */; };
		4D97FEEC2D401BA5005B1D23 /* UIAlertController+Extensions.swift in Sources */ = {isa = PBXBuildFile; fileRef = 4D97FEEB2D401BA5005B1D23 /* UIAlertController+Extensions.swift */; };
		4D97FEEE2D401D32005B1D23 /* String+Validation.swift in Sources */ = {isa = PBXBuildFile; fileRef = 4D97FEED2D401D32005B1D23 /* String+Validation.swift */; };
		E915FD3901AEBBEFD4C5D555 /* Pods_To_DoListApp.framework in Frameworks */ = {isa = PBXBuildFile; fileRef = 94C28EE535406F156C537FFD /* Pods_To_DoListApp.framework */; };
/* End PBXBuildFile section */

/* Begin PBXFileReference section */
		22F551B5378CC1B792327112 /* Pods-To-DoListApp.debug.xcconfig */ = {isa = PBXFileReference; includeInIndex = 1; lastKnownFileType = text.xcconfig; name = "Pods-To-DoListApp.debug.xcconfig"; path = "Target Support Files/Pods-To-DoListApp/Pods-To-DoListApp.debug.xcconfig"; sourceTree = "<group>"; };
		4D31B7682D4357500069645B /* FirebaseService.swift */ = {isa = PBXFileReference; lastKnownFileType = sourcecode.swift; path = FirebaseService.swift; sourceTree = "<group>"; };
		4D3E60FF2D4140590031C919 /* GoogleService-Info.plist */ = {isa = PBXFileReference; fileEncoding = 4; lastKnownFileType = text.plist.xml; path = "GoogleService-Info.plist"; sourceTree = "<group>"; };
		4D3E61012D4149620031C919 /* AuthViewController.swift */ = {isa = PBXFileReference; lastKnownFileType = sourcecode.swift; path = AuthViewController.swift; sourceTree = "<group>"; };
		4D3E61032D414CE60031C919 /* AuthView.swift */ = {isa = PBXFileReference; lastKnownFileType = sourcecode.swift; path = AuthView.swift; sourceTree = "<group>"; };
		4D3E61052D4157FC0031C919 /* String+EmailValidation.swift */ = {isa = PBXFileReference; lastKnownFileType = sourcecode.swift; path = "String+EmailValidation.swift"; sourceTree = "<group>"; };
		4D3E61072D41687F0031C919 /* To-DoListApp.entitlements */ = {isa = PBXFileReference; lastKnownFileType = text.plist.entitlements; path = "To-DoListApp.entitlements"; sourceTree = "<group>"; };
		4D415DBA2D463FF600F437BE /* String+DataConverter.swift */ = {isa = PBXFileReference; lastKnownFileType = sourcecode.swift; path = "String+DataConverter.swift"; sourceTree = "<group>"; };
		4D97FE9F2D3FA347005B1D23 /* To-DoListApp.app */ = {isa = PBXFileReference; explicitFileType = wrapper.application; includeInIndex = 0; path = "To-DoListApp.app"; sourceTree = BUILT_PRODUCTS_DIR; };
		4D97FEA22D3FA347005B1D23 /* AppDelegate.swift */ = {isa = PBXFileReference; lastKnownFileType = sourcecode.swift; path = AppDelegate.swift; sourceTree = "<group>"; };
		4D97FEA42D3FA347005B1D23 /* SceneDelegate.swift */ = {isa = PBXFileReference; lastKnownFileType = sourcecode.swift; path = SceneDelegate.swift; sourceTree = "<group>"; };
		4D97FEA62D3FA347005B1D23 /* TasksListController.swift */ = {isa = PBXFileReference; lastKnownFileType = sourcecode.swift; path = TasksListController.swift; sourceTree = "<group>"; };
		4D97FEAB2D3FA348005B1D23 /* Assets.xcassets */ = {isa = PBXFileReference; lastKnownFileType = folder.assetcatalog; path = Assets.xcassets; sourceTree = "<group>"; };
		4D97FEAE2D3FA348005B1D23 /* Base */ = {isa = PBXFileReference; lastKnownFileType = file.storyboard; name = Base; path = Base.lproj/LaunchScreen.storyboard; sourceTree = "<group>"; };
		4D97FEB02D3FA348005B1D23 /* Info.plist */ = {isa = PBXFileReference; lastKnownFileType = text.plist.xml; path = Info.plist; sourceTree = "<group>"; };
		4D97FED92D3FAFE8005B1D23 /* Task.swift */ = {isa = PBXFileReference; lastKnownFileType = sourcecode.swift; path = Task.swift; sourceTree = "<group>"; };
		4D97FEDB2D3FB140005B1D23 /* TaskTableViewCell.swift */ = {isa = PBXFileReference; lastKnownFileType = sourcecode.swift; path = TaskTableViewCell.swift; sourceTree = "<group>"; };
		4D97FEDE2D3FB1B8005B1D23 /* UITableView+RealmChanges.swift */ = {isa = PBXFileReference; lastKnownFileType = sourcecode.swift; path = "UITableView+RealmChanges.swift"; sourceTree = "<group>"; };
		4D97FEE22D3FC84C005B1D23 /* TaskViewController.swift */ = {isa = PBXFileReference; lastKnownFileType = sourcecode.swift; path = TaskViewController.swift; sourceTree = "<group>"; };
		4D97FEE52D3FCB10005B1D23 /* ViewControllerFactory.swift */ = {isa = PBXFileReference; lastKnownFileType = sourcecode.swift; path = ViewControllerFactory.swift; sourceTree = "<group>"; };
		4D97FEE72D3FE7E1005B1D23 /* TaskView.swift */ = {isa = PBXFileReference; lastKnownFileType = sourcecode.swift; path = TaskView.swift; sourceTree = "<group>"; };
		4D97FEEB2D401BA5005B1D23 /* UIAlertController+Extensions.swift */ = {isa = PBXFileReference; lastKnownFileType = sourcecode.swift; path = "UIAlertController+Extensions.swift"; sourceTree = "<group>"; };
		4D97FEED2D401D32005B1D23 /* String+Validation.swift */ = {isa = PBXFileReference; lastKnownFileType = sourcecode.swift; path = "String+Validation.swift"; sourceTree = "<group>"; };
		51A1426E9EBBEB355A1520C2 /* Pods-To-DoListApp.release.xcconfig */ = {isa = PBXFileReference; includeInIndex = 1; lastKnownFileType = text.xcconfig; name = "Pods-To-DoListApp.release.xcconfig"; path = "Target Support Files/Pods-To-DoListApp/Pods-To-DoListApp.release.xcconfig"; sourceTree = "<group>"; };
		94C28EE535406F156C537FFD /* Pods_To_DoListApp.framework */ = {isa = PBXFileReference; explicitFileType = wrapper.framework; includeInIndex = 0; path = Pods_To_DoListApp.framework; sourceTree = BUILT_PRODUCTS_DIR; };
/* End PBXFileReference section */

/* Begin PBXFrameworksBuildPhase section */
		4D97FE9C2D3FA347005B1D23 /* Frameworks */ = {
			isa = PBXFrameworksBuildPhase;
			buildActionMask = 2147483647;
			files = (
				E915FD3901AEBBEFD4C5D555 /* Pods_To_DoListApp.framework in Frameworks */,
			);
			runOnlyForDeploymentPostprocessing = 0;
		};
/* End PBXFrameworksBuildPhase section */

/* Begin PBXGroup section */
		422DA95E4AD9F9D4A11E560B /* Frameworks */ = {
			isa = PBXGroup;
			children = (
				94C28EE535406F156C537FFD /* Pods_To_DoListApp.framework */,
			);
			name = Frameworks;
			sourceTree = "<group>";
		};
		4D31B7672D43572A0069645B /* TaskService */ = {
			isa = PBXGroup;
			children = (
				4D31B7682D4357500069645B /* FirebaseService.swift */,
			);
			path = TaskService;
			sourceTree = "<group>";
		};
		4D97FE962D3FA347005B1D23 = {
			isa = PBXGroup;
			children = (
				4D97FEA12D3FA347005B1D23 /* To-DoListApp */,
				4D97FEA02D3FA347005B1D23 /* Products */,
				B07E292FD7629CB297C2EA52 /* Pods */,
				422DA95E4AD9F9D4A11E560B /* Frameworks */,
			);
			sourceTree = "<group>";
		};
		4D97FEA02D3FA347005B1D23 /* Products */ = {
			isa = PBXGroup;
			children = (
				4D97FE9F2D3FA347005B1D23 /* To-DoListApp.app */,
			);
			name = Products;
			sourceTree = "<group>";
		};
		4D97FEA12D3FA347005B1D23 /* To-DoListApp */ = {
			isa = PBXGroup;
			children = (
				4D3E61072D41687F0031C919 /* To-DoListApp.entitlements */,
				4D97FEA22D3FA347005B1D23 /* AppDelegate.swift */,
				4D97FEA42D3FA347005B1D23 /* SceneDelegate.swift */,
				4D97FEAB2D3FA348005B1D23 /* Assets.xcassets */,
				4D97FEB02D3FA348005B1D23 /* Info.plist */,
				4D3E60FF2D4140590031C919 /* GoogleService-Info.plist */,
				4D97FEAD2D3FA348005B1D23 /* LaunchScreen.storyboard */,
				4D31B7672D43572A0069645B /* TaskService */,
				4D97FEE42D3FCAE3005B1D23 /* Factory */,
				4D97FEDD2D3FB183005B1D23 /* Extension */,
				4D97FED62D3FAF94005B1D23 /* Model */,
				4D97FED72D3FAFA1005B1D23 /* View */,
				4D97FED82D3FAFA6005B1D23 /* Controller */,
			);
			path = "To-DoListApp";
			sourceTree = "<group>";
		};
		4D97FED62D3FAF94005B1D23 /* Model */ = {
			isa = PBXGroup;
			children = (
				4D97FED92D3FAFE8005B1D23 /* Task.swift */,
			);
			path = Model;
			sourceTree = "<group>";
		};
		4D97FED72D3FAFA1005B1D23 /* View */ = {
			isa = PBXGroup;
			children = (
				4D97FEDB2D3FB140005B1D23 /* TaskTableViewCell.swift */,
				4D97FEE72D3FE7E1005B1D23 /* TaskView.swift */,
				4D3E61032D414CE60031C919 /* AuthView.swift */,
			);
			path = View;
			sourceTree = "<group>";
		};
		4D97FED82D3FAFA6005B1D23 /* Controller */ = {
			isa = PBXGroup;
			children = (
				4D3E61012D4149620031C919 /* AuthViewController.swift */,
				4D97FEA62D3FA347005B1D23 /* TasksListController.swift */,
				4D97FEE22D3FC84C005B1D23 /* TaskViewController.swift */,
			);
			path = Controller;
			sourceTree = "<group>";
		};
		4D97FEDD2D3FB183005B1D23 /* Extension */ = {
			isa = PBXGroup;
			children = (
				4D97FEDE2D3FB1B8005B1D23 /* UITableView+RealmChanges.swift */,
				4D97FEEB2D401BA5005B1D23 /* UIAlertController+Extensions.swift */,
				4D97FEED2D401D32005B1D23 /* String+Validation.swift */,
				4D3E61052D4157FC0031C919 /* String+EmailValidation.swift */,
				4D415DBA2D463FF600F437BE /* String+DataConverter.swift */,
			);
			path = Extension;
			sourceTree = "<group>";
		};
		4D97FEE42D3FCAE3005B1D23 /* Factory */ = {
			isa = PBXGroup;
			children = (
				4D97FEE52D3FCB10005B1D23 /* ViewControllerFactory.swift */,
			);
			path = Factory;
			sourceTree = "<group>";
		};
		B07E292FD7629CB297C2EA52 /* Pods */ = {
			isa = PBXGroup;
			children = (
				22F551B5378CC1B792327112 /* Pods-To-DoListApp.debug.xcconfig */,
				51A1426E9EBBEB355A1520C2 /* Pods-To-DoListApp.release.xcconfig */,
			);
			path = Pods;
			sourceTree = "<group>";
		};
/* End PBXGroup section */

/* Begin PBXNativeTarget section */
		4D97FE9E2D3FA347005B1D23 /* To-DoListApp */ = {
			isa = PBXNativeTarget;
			buildConfigurationList = 4D97FEB32D3FA348005B1D23 /* Build configuration list for PBXNativeTarget "To-DoListApp" */;
			buildPhases = (
				6BDA2338458F445EE4905D4C /* [CP] Check Pods Manifest.lock */,
				4D97FE9B2D3FA347005B1D23 /* Sources */,
				4D97FE9C2D3FA347005B1D23 /* Frameworks */,
				4D97FE9D2D3FA347005B1D23 /* Resources */,
				83A0C14EEEFAE075C24DC1FF /* [CP] Embed Pods Frameworks */,
			);
			buildRules = (
			);
			dependencies = (
			);
			name = "To-DoListApp";
			productName = "To-DoListApp";
			productReference = 4D97FE9F2D3FA347005B1D23 /* To-DoListApp.app */;
			productType = "com.apple.product-type.application";
		};
/* End PBXNativeTarget section */

/* Begin PBXProject section */
		4D97FE972D3FA347005B1D23 /* Project object */ = {
			isa = PBXProject;
			attributes = {
				BuildIndependentTargetsInParallel = 1;
				LastSwiftUpdateCheck = 1510;
				LastUpgradeCheck = 1510;
				TargetAttributes = {
					4D97FE9E2D3FA347005B1D23 = {
						CreatedOnToolsVersion = 15.1;
					};
				};
			};
			buildConfigurationList = 4D97FE9A2D3FA347005B1D23 /* Build configuration list for PBXProject "To-DoListApp" */;
			compatibilityVersion = "Xcode 14.0";
			developmentRegion = en;
			hasScannedForEncodings = 0;
			knownRegions = (
				en,
				Base,
			);
			mainGroup = 4D97FE962D3FA347005B1D23;
			productRefGroup = 4D97FEA02D3FA347005B1D23 /* Products */;
			projectDirPath = "";
			projectRoot = "";
			targets = (
				4D97FE9E2D3FA347005B1D23 /* To-DoListApp */,
			);
		};
/* End PBXProject section */

/* Begin PBXResourcesBuildPhase section */
		4D97FE9D2D3FA347005B1D23 /* Resources */ = {
			isa = PBXResourcesBuildPhase;
			buildActionMask = 2147483647;
			files = (
				4D97FEAF2D3FA348005B1D23 /* LaunchScreen.storyboard in Resources */,
				4D97FEAC2D3FA348005B1D23 /* Assets.xcassets in Resources */,
				4D3E61002D4140590031C919 /* GoogleService-Info.plist in Resources */,
			);
			runOnlyForDeploymentPostprocessing = 0;
		};
/* End PBXResourcesBuildPhase section */

/* Begin PBXShellScriptBuildPhase section */
		6BDA2338458F445EE4905D4C /* [CP] Check Pods Manifest.lock */ = {
			isa = PBXShellScriptBuildPhase;
			buildActionMask = 2147483647;
			files = (
			);
			inputFileListPaths = (
			);
			inputPaths = (
				"${PODS_PODFILE_DIR_PATH}/Podfile.lock",
				"${PODS_ROOT}/Manifest.lock",
			);
			name = "[CP] Check Pods Manifest.lock";
			outputFileListPaths = (
			);
			outputPaths = (
				"$(DERIVED_FILE_DIR)/Pods-To-DoListApp-checkManifestLockResult.txt",
			);
			runOnlyForDeploymentPostprocessing = 0;
			shellPath = /bin/sh;
			shellScript = "diff \"${PODS_PODFILE_DIR_PATH}/Podfile.lock\" \"${PODS_ROOT}/Manifest.lock\" > /dev/null\nif [ $? != 0 ] ; then\n    # print error to STDERR\n    echo \"error: The sandbox is not in sync with the Podfile.lock. Run 'pod install' or update your CocoaPods installation.\" >&2\n    exit 1\nfi\n# This output is used by Xcode 'outputs' to avoid re-running this script phase.\necho \"SUCCESS\" > \"${SCRIPT_OUTPUT_FILE_0}\"\n";
			showEnvVarsInLog = 0;
		};
		83A0C14EEEFAE075C24DC1FF /* [CP] Embed Pods Frameworks */ = {
			isa = PBXShellScriptBuildPhase;
			buildActionMask = 2147483647;
			files = (
			);
			inputFileListPaths = (
				"${PODS_ROOT}/Target Support Files/Pods-To-DoListApp/Pods-To-DoListApp-frameworks-${CONFIGURATION}-input-files.xcfilelist",
			);
			name = "[CP] Embed Pods Frameworks";
			outputFileListPaths = (
				"${PODS_ROOT}/Target Support Files/Pods-To-DoListApp/Pods-To-DoListApp-frameworks-${CONFIGURATION}-output-files.xcfilelist",
			);
			runOnlyForDeploymentPostprocessing = 0;
			shellPath = /bin/sh;
			shellScript = "\"${PODS_ROOT}/Target Support Files/Pods-To-DoListApp/Pods-To-DoListApp-frameworks.sh\"\n";
			showEnvVarsInLog = 0;
		};
/* End PBXShellScriptBuildPhase section */

/* Begin PBXSourcesBuildPhase section */
		4D97FE9B2D3FA347005B1D23 /* Sources */ = {
			isa = PBXSourcesBuildPhase;
			buildActionMask = 2147483647;
			files = (
				4D97FEE82D3FE7E1005B1D23 /* TaskView.swift in Sources */,
				4D97FEDA2D3FAFE8005B1D23 /* Task.swift in Sources */,
				4D97FEEE2D401D32005B1D23 /* String+Validation.swift in Sources */,
				4D3E61042D414CE60031C919 /* AuthView.swift in Sources */,
				4D97FEEC2D401BA5005B1D23 /* UIAlertController+Extensions.swift in Sources */,
				4D31B7692D4357500069645B /* FirebaseService.swift in Sources */,
				4D3E61022D4149620031C919 /* AuthViewController.swift in Sources */,
				4D97FEE32D3FC84C005B1D23 /* TaskViewController.swift in Sources */,
				4D97FEDF2D3FB1B8005B1D23 /* UITableView+RealmChanges.swift in Sources */,
				4D415DBB2D463FF600F437BE /* String+DataConverter.swift in Sources */,
				4D97FEA72D3FA347005B1D23 /* TasksListController.swift in Sources */,
				4D97FEDC2D3FB140005B1D23 /* TaskTableViewCell.swift in Sources */,
				4D3E61062D4157FC0031C919 /* String+EmailValidation.swift in Sources */,
				4D97FEE62D3FCB10005B1D23 /* ViewControllerFactory.swift in Sources */,
				4D97FEA32D3FA347005B1D23 /* AppDelegate.swift in Sources */,
				4D97FEA52D3FA347005B1D23 /* SceneDelegate.swift in Sources */,
			);
			runOnlyForDeploymentPostprocessing = 0;
		};
/* End PBXSourcesBuildPhase section */

/* Begin PBXVariantGroup section */
		4D97FEAD2D3FA348005B1D23 /* LaunchScreen.storyboard */ = {
			isa = PBXVariantGroup;
			children = (
				4D97FEAE2D3FA348005B1D23 /* Base */,
			);
			name = LaunchScreen.storyboard;
			sourceTree = "<group>";
		};
/* End PBXVariantGroup section */

/* Begin XCBuildConfiguration section */
		4D97FEB12D3FA348005B1D23 /* Debug */ = {
			isa = XCBuildConfiguration;
			buildSettings = {
				ALWAYS_SEARCH_USER_PATHS = NO;
				ASSETCATALOG_COMPILER_GENERATE_SWIFT_ASSET_SYMBOL_EXTENSIONS = YES;
				CLANG_ANALYZER_NONNULL = YES;
				CLANG_ANALYZER_NUMBER_OBJECT_CONVERSION = YES_AGGRESSIVE;
				CLANG_CXX_LANGUAGE_STANDARD = "gnu++20";
				CLANG_ENABLE_MODULES = YES;
				CLANG_ENABLE_OBJC_ARC = YES;
				CLANG_ENABLE_OBJC_WEAK = YES;
				CLANG_WARN_BLOCK_CAPTURE_AUTORELEASING = YES;
				CLANG_WARN_BOOL_CONVERSION = YES;
				CLANG_WARN_COMMA = YES;
				CLANG_WARN_CONSTANT_CONVERSION = YES;
				CLANG_WARN_DEPRECATED_OBJC_IMPLEMENTATIONS = YES;
				CLANG_WARN_DIRECT_OBJC_ISA_USAGE = YES_ERROR;
				CLANG_WARN_DOCUMENTATION_COMMENTS = YES;
				CLANG_WARN_EMPTY_BODY = YES;
				CLANG_WARN_ENUM_CONVERSION = YES;
				CLANG_WARN_INFINITE_RECURSION = YES;
				CLANG_WARN_INT_CONVERSION = YES;
				CLANG_WARN_NON_LITERAL_NULL_CONVERSION = YES;
				CLANG_WARN_OBJC_IMPLICIT_RETAIN_SELF = YES;
				CLANG_WARN_OBJC_LITERAL_CONVERSION = YES;
				CLANG_WARN_OBJC_ROOT_CLASS = YES_ERROR;
				CLANG_WARN_QUOTED_INCLUDE_IN_FRAMEWORK_HEADER = YES;
				CLANG_WARN_RANGE_LOOP_ANALYSIS = YES;
				CLANG_WARN_STRICT_PROTOTYPES = YES;
				CLANG_WARN_SUSPICIOUS_MOVE = YES;
				CLANG_WARN_UNGUARDED_AVAILABILITY = YES_AGGRESSIVE;
				CLANG_WARN_UNREACHABLE_CODE = YES;
				CLANG_WARN__DUPLICATE_METHOD_MATCH = YES;
				COPY_PHASE_STRIP = NO;
				DEBUG_INFORMATION_FORMAT = dwarf;
				ENABLE_STRICT_OBJC_MSGSEND = YES;
				ENABLE_TESTABILITY = YES;
				ENABLE_USER_SCRIPT_SANDBOXING = NO;
				GCC_C_LANGUAGE_STANDARD = gnu17;
				GCC_DYNAMIC_NO_PIC = NO;
				GCC_NO_COMMON_BLOCKS = YES;
				GCC_OPTIMIZATION_LEVEL = 0;
				GCC_PREPROCESSOR_DEFINITIONS = (
					"DEBUG=1",
					"$(inherited)",
				);
				GCC_WARN_64_TO_32_BIT_CONVERSION = YES;
				GCC_WARN_ABOUT_RETURN_TYPE = YES_ERROR;
				GCC_WARN_UNDECLARED_SELECTOR = YES;
				GCC_WARN_UNINITIALIZED_AUTOS = YES_AGGRESSIVE;
				GCC_WARN_UNUSED_FUNCTION = YES;
				GCC_WARN_UNUSED_VARIABLE = YES;
				IPHONEOS_DEPLOYMENT_TARGET = 15.0;
				LOCALIZATION_PREFERS_STRING_CATALOGS = YES;
				MTL_ENABLE_DEBUG_INFO = INCLUDE_SOURCE;
				MTL_FAST_MATH = YES;
				ONLY_ACTIVE_ARCH = YES;
				SDKROOT = iphoneos;
				SWIFT_ACTIVE_COMPILATION_CONDITIONS = "DEBUG $(inherited)";
				SWIFT_OPTIMIZATION_LEVEL = "-Onone";
			};
			name = Debug;
		};
		4D97FEB22D3FA348005B1D23 /* Release */ = {
			isa = XCBuildConfiguration;
			buildSettings = {
				ALWAYS_SEARCH_USER_PATHS = NO;
				ASSETCATALOG_COMPILER_GENERATE_SWIFT_ASSET_SYMBOL_EXTENSIONS = YES;
				CLANG_ANALYZER_NONNULL = YES;
				CLANG_ANALYZER_NUMBER_OBJECT_CONVERSION = YES_AGGRESSIVE;
				CLANG_CXX_LANGUAGE_STANDARD = "gnu++20";
				CLANG_ENABLE_MODULES = YES;
				CLANG_ENABLE_OBJC_ARC = YES;
				CLANG_ENABLE_OBJC_WEAK = YES;
				CLANG_WARN_BLOCK_CAPTURE_AUTORELEASING = YES;
				CLANG_WARN_BOOL_CONVERSION = YES;
				CLANG_WARN_COMMA = YES;
				CLANG_WARN_CONSTANT_CONVERSION = YES;
				CLANG_WARN_DEPRECATED_OBJC_IMPLEMENTATIONS = YES;
				CLANG_WARN_DIRECT_OBJC_ISA_USAGE = YES_ERROR;
				CLANG_WARN_DOCUMENTATION_COMMENTS = YES;
				CLANG_WARN_EMPTY_BODY = YES;
				CLANG_WARN_ENUM_CONVERSION = YES;
				CLANG_WARN_INFINITE_RECURSION = YES;
				CLANG_WARN_INT_CONVERSION = YES;
				CLANG_WARN_NON_LITERAL_NULL_CONVERSION = YES;
				CLANG_WARN_OBJC_IMPLICIT_RETAIN_SELF = YES;
				CLANG_WARN_OBJC_LITERAL_CONVERSION = YES;
				CLANG_WARN_OBJC_ROOT_CLASS = YES_ERROR;
				CLANG_WARN_QUOTED_INCLUDE_IN_FRAMEWORK_HEADER = YES;
				CLANG_WARN_RANGE_LOOP_ANALYSIS = YES;
				CLANG_WARN_STRICT_PROTOTYPES = YES;
				CLANG_WARN_SUSPICIOUS_MOVE = YES;
				CLANG_WARN_UNGUARDED_AVAILABILITY = YES_AGGRESSIVE;
				CLANG_WARN_UNREACHABLE_CODE = YES;
				CLANG_WARN__DUPLICATE_METHOD_MATCH = YES;
				COPY_PHASE_STRIP = NO;
				DEBUG_INFORMATION_FORMAT = "dwarf-with-dsym";
				ENABLE_NS_ASSERTIONS = NO;
				ENABLE_STRICT_OBJC_MSGSEND = YES;
				ENABLE_USER_SCRIPT_SANDBOXING = NO;
				GCC_C_LANGUAGE_STANDARD = gnu17;
				GCC_NO_COMMON_BLOCKS = YES;
				GCC_WARN_64_TO_32_BIT_CONVERSION = YES;
				GCC_WARN_ABOUT_RETURN_TYPE = YES_ERROR;
				GCC_WARN_UNDECLARED_SELECTOR = YES;
				GCC_WARN_UNINITIALIZED_AUTOS = YES_AGGRESSIVE;
				GCC_WARN_UNUSED_FUNCTION = YES;
				GCC_WARN_UNUSED_VARIABLE = YES;
				IPHONEOS_DEPLOYMENT_TARGET = 15.0;
				LOCALIZATION_PREFERS_STRING_CATALOGS = YES;
				MTL_ENABLE_DEBUG_INFO = NO;
				MTL_FAST_MATH = YES;
				SDKROOT = iphoneos;
				SWIFT_COMPILATION_MODE = wholemodule;
				VALIDATE_PRODUCT = YES;
			};
			name = Release;
		};
		4D97FEB42D3FA348005B1D23 /* Debug */ = {
			isa = XCBuildConfiguration;
			baseConfigurationReference = 22F551B5378CC1B792327112 /* Pods-To-DoListApp.debug.xcconfig */;
			buildSettings = {
				ASSETCATALOG_COMPILER_APPICON_NAME = AppIcon;
				ASSETCATALOG_COMPILER_GLOBAL_ACCENT_COLOR_NAME = AccentColor;
				CODE_SIGN_ENTITLEMENTS = "To-DoListApp/To-DoListApp.entitlements";
				CODE_SIGN_STYLE = Automatic;
				CURRENT_PROJECT_VERSION = 1;
				DEVELOPMENT_TEAM = SR6T9Z9RAZ;
				GENERATE_INFOPLIST_FILE = YES;
				INFOPLIST_FILE = "To-DoListApp/Info.plist";
				INFOPLIST_KEY_NSPhotoLibraryUsageDescription = "Этому приложению нужен доступ к вашим фотографиям для добавления изображений к задачам.";
				INFOPLIST_KEY_UIApplicationSupportsIndirectInputEvents = YES;
				INFOPLIST_KEY_UILaunchStoryboardName = LaunchScreen;
				INFOPLIST_KEY_UISupportedInterfaceOrientations = UIInterfaceOrientationPortrait;
				LD_RUNPATH_SEARCH_PATHS = (
					"$(inherited)",
					"@executable_path/Frameworks",
				);
				MARKETING_VERSION = 1.0;
				PRODUCT_BUNDLE_IDENTIFIER = "JediClan.To-DoListApp";
				PRODUCT_NAME = "$(TARGET_NAME)";
				SUPPORTED_PLATFORMS = "iphoneos iphonesimulator";
				SUPPORTS_MACCATALYST = NO;
				SUPPORTS_MAC_DESIGNED_FOR_IPHONE_IPAD = NO;
				SWIFT_EMIT_LOC_STRINGS = YES;
				SWIFT_VERSION = 5.0;
				TARGETED_DEVICE_FAMILY = 1;
			};
			name = Debug;
		};
		4D97FEB52D3FA348005B1D23 /* Release */ = {
			isa = XCBuildConfiguration;
			baseConfigurationReference = 51A1426E9EBBEB355A1520C2 /* Pods-To-DoListApp.release.xcconfig */;
			buildSettings = {
				ASSETCATALOG_COMPILER_APPICON_NAME = AppIcon;
				ASSETCATALOG_COMPILER_GLOBAL_ACCENT_COLOR_NAME = AccentColor;
				CODE_SIGN_ENTITLEMENTS = "To-DoListApp/To-DoListApp.entitlements";
				CODE_SIGN_STYLE = Automatic;
				CURRENT_PROJECT_VERSION = 1;
				DEVELOPMENT_TEAM = SR6T9Z9RAZ;
				GENERATE_INFOPLIST_FILE = YES;
				INFOPLIST_FILE = "To-DoListApp/Info.plist";
				INFOPLIST_KEY_NSPhotoLibraryUsageDescription = "Этому приложению нужен доступ к вашим фотографиям для добавления изображений к задачам.";
				INFOPLIST_KEY_UIApplicationSupportsIndirectInputEvents = YES;
				INFOPLIST_KEY_UILaunchStoryboardName = LaunchScreen;
				INFOPLIST_KEY_UISupportedInterfaceOrientations = UIInterfaceOrientationPortrait;
				LD_RUNPATH_SEARCH_PATHS = (
					"$(inherited)",
					"@executable_path/Frameworks",
				);
				MARKETING_VERSION = 1.0;
				PRODUCT_BUNDLE_IDENTIFIER = "JediClan.To-DoListApp";
				PRODUCT_NAME = "$(TARGET_NAME)";
				SUPPORTED_PLATFORMS = "iphoneos iphonesimulator";
				SUPPORTS_MACCATALYST = NO;
				SUPPORTS_MAC_DESIGNED_FOR_IPHONE_IPAD = NO;
				SWIFT_EMIT_LOC_STRINGS = YES;
				SWIFT_VERSION = 5.0;
				TARGETED_DEVICE_FAMILY = 1;
			};
			name = Release;
		};
/* End XCBuildConfiguration section */

/* Begin XCConfigurationList section */
		4D97FE9A2D3FA347005B1D23 /* Build configuration list for PBXProject "To-DoListApp" */ = {
			isa = XCConfigurationList;
			buildConfigurations = (
				4D97FEB12D3FA348005B1D23 /* Debug */,
				4D97FEB22D3FA348005B1D23 /* Release */,
			);
			defaultConfigurationIsVisible = 0;
			defaultConfigurationName = Release;
		};
		4D97FEB32D3FA348005B1D23 /* Build configuration list for PBXNativeTarget "To-DoListApp" */ = {
			isa = XCConfigurationList;
			buildConfigurations = (
				4D97FEB42D3FA348005B1D23 /* Debug */,
				4D97FEB52D3FA348005B1D23 /* Release */,
			);
			defaultConfigurationIsVisible = 0;
			defaultConfigurationName = Release;
		};
/* End XCConfigurationList section */
	};
	rootObject = 4D97FE972D3FA347005B1D23 /* Project object */;
}
